// !$*UTF8*$!
{
	archiveVersion = 1;
	classes = {
	};
	objectVersion = 46;
	objects = {

/* Begin PBXBuildFile section */
		15F705758A7C1CD80AE3C9A5 /* libPods-MBChatKit-Demo.a in Frameworks */ = {isa = PBXBuildFile; fileRef = 5F5FF921F10F9E262436D248 /* libPods-MBChatKit-Demo.a */; };
		EFB3C2E81F07AC2C00B7378E /* main.m in Sources */ = {isa = PBXBuildFile; fileRef = EFB3C2E71F07AC2C00B7378E /* main.m */; };
		EFB3C2EB1F07AC2C00B7378E /* AppDelegate.m in Sources */ = {isa = PBXBuildFile; fileRef = EFB3C2EA1F07AC2C00B7378E /* AppDelegate.m */; };
		EFB3C2EE1F07AC2C00B7378E /* ViewController.m in Sources */ = {isa = PBXBuildFile; fileRef = EFB3C2ED1F07AC2C00B7378E /* ViewController.m */; };
		EFB3C2F11F07AC2C00B7378E /* Main.storyboard in Resources */ = {isa = PBXBuildFile; fileRef = EFB3C2EF1F07AC2C00B7378E /* Main.storyboard */; };
		EFB3C2F31F07AC2C00B7378E /* Assets.xcassets in Resources */ = {isa = PBXBuildFile; fileRef = EFB3C2F21F07AC2C00B7378E /* Assets.xcassets */; };
		EFB3C2F61F07AC2C00B7378E /* LaunchScreen.storyboard in Resources */ = {isa = PBXBuildFile; fileRef = EFB3C2F41F07AC2C00B7378E /* LaunchScreen.storyboard */; };
		EFB3C3081F07ADF500B7378E /* MBCKBaseViewController.m in Sources */ = {isa = PBXBuildFile; fileRef = EFB3C3071F07ADF500B7378E /* MBCKBaseViewController.m */; };
		EFB3C30B1F07D79A00B7378E /* MBCKBaseScrollViewController.m in Sources */ = {isa = PBXBuildFile; fileRef = EFB3C30A1F07D79A00B7378E /* MBCKBaseScrollViewController.m */; };
		EFB3C30E1F0BE71C00B7378E /* MBCKBaseTableViewController.m in Sources */ = {isa = PBXBuildFile; fileRef = EFB3C30D1F0BE71C00B7378E /* MBCKBaseTableViewController.m */; };
		EFB3C3131F0BE88C00B7378E /* MBCKStatusView.m in Sources */ = {isa = PBXBuildFile; fileRef = EFB3C3121F0BE88C00B7378E /* MBCKStatusView.m */; };
/* End PBXBuildFile section */

/* Begin PBXFileReference section */
		5F5FF921F10F9E262436D248 /* libPods-MBChatKit-Demo.a */ = {isa = PBXFileReference; explicitFileType = archive.ar; includeInIndex = 0; path = "libPods-MBChatKit-Demo.a"; sourceTree = BUILT_PRODUCTS_DIR; };
		AA98FD78646685383AE5078E /* Pods-MBChatKit-Demo.debug.xcconfig */ = {isa = PBXFileReference; includeInIndex = 1; lastKnownFileType = text.xcconfig; name = "Pods-MBChatKit-Demo.debug.xcconfig"; path = "Pods/Target Support Files/Pods-MBChatKit-Demo/Pods-MBChatKit-Demo.debug.xcconfig"; sourceTree = "<group>"; };
		EFB3C2E31F07AC2C00B7378E /* MBChatKit-Demo.app */ = {isa = PBXFileReference; explicitFileType = wrapper.application; includeInIndex = 0; path = "MBChatKit-Demo.app"; sourceTree = BUILT_PRODUCTS_DIR; };
		EFB3C2E71F07AC2C00B7378E /* main.m */ = {isa = PBXFileReference; lastKnownFileType = sourcecode.c.objc; path = main.m; sourceTree = "<group>"; };
		EFB3C2E91F07AC2C00B7378E /* AppDelegate.h */ = {isa = PBXFileReference; lastKnownFileType = sourcecode.c.h; path = AppDelegate.h; sourceTree = "<group>"; };
		EFB3C2EA1F07AC2C00B7378E /* AppDelegate.m */ = {isa = PBXFileReference; lastKnownFileType = sourcecode.c.objc; path = AppDelegate.m; sourceTree = "<group>"; };
		EFB3C2EC1F07AC2C00B7378E /* ViewController.h */ = {isa = PBXFileReference; lastKnownFileType = sourcecode.c.h; path = ViewController.h; sourceTree = "<group>"; };
		EFB3C2ED1F07AC2C00B7378E /* ViewController.m */ = {isa = PBXFileReference; lastKnownFileType = sourcecode.c.objc; path = ViewController.m; sourceTree = "<group>"; };
		EFB3C2F01F07AC2C00B7378E /* Base */ = {isa = PBXFileReference; lastKnownFileType = file.storyboard; name = Base; path = Base.lproj/Main.storyboard; sourceTree = "<group>"; };
		EFB3C2F21F07AC2C00B7378E /* Assets.xcassets */ = {isa = PBXFileReference; lastKnownFileType = folder.assetcatalog; path = Assets.xcassets; sourceTree = "<group>"; };
		EFB3C2F51F07AC2C00B7378E /* Base */ = {isa = PBXFileReference; lastKnownFileType = file.storyboard; name = Base; path = Base.lproj/LaunchScreen.storyboard; sourceTree = "<group>"; };
		EFB3C2F71F07AC2C00B7378E /* Info.plist */ = {isa = PBXFileReference; lastKnownFileType = text.plist.xml; path = Info.plist; sourceTree = "<group>"; };
		EFB3C2FE1F07AC9E00B7378E /* MBChatKit.h */ = {isa = PBXFileReference; fileEncoding = 4; lastKnownFileType = sourcecode.c.h; path = MBChatKit.h; sourceTree = "<group>"; };
		EFB3C3061F07ADF500B7378E /* MBCKBaseViewController.h */ = {isa = PBXFileReference; fileEncoding = 4; lastKnownFileType = sourcecode.c.h; path = MBCKBaseViewController.h; sourceTree = "<group>"; };
		EFB3C3071F07ADF500B7378E /* MBCKBaseViewController.m */ = {isa = PBXFileReference; fileEncoding = 4; lastKnownFileType = sourcecode.c.objc; path = MBCKBaseViewController.m; sourceTree = "<group>"; };
		EFB3C3091F07D79A00B7378E /* MBCKBaseScrollViewController.h */ = {isa = PBXFileReference; fileEncoding = 4; lastKnownFileType = sourcecode.c.h; path = MBCKBaseScrollViewController.h; sourceTree = "<group>"; };
		EFB3C30A1F07D79A00B7378E /* MBCKBaseScrollViewController.m */ = {isa = PBXFileReference; fileEncoding = 4; lastKnownFileType = sourcecode.c.objc; path = MBCKBaseScrollViewController.m; sourceTree = "<group>"; };
		EFB3C30C1F0BE71C00B7378E /* MBCKBaseTableViewController.h */ = {isa = PBXFileReference; fileEncoding = 4; lastKnownFileType = sourcecode.c.h; path = MBCKBaseTableViewController.h; sourceTree = "<group>"; };
		EFB3C30D1F0BE71C00B7378E /* MBCKBaseTableViewController.m */ = {isa = PBXFileReference; fileEncoding = 4; lastKnownFileType = sourcecode.c.objc; path = MBCKBaseTableViewController.m; sourceTree = "<group>"; };
		EFB3C3111F0BE88C00B7378E /* MBCKStatusView.h */ = {isa = PBXFileReference; fileEncoding = 4; lastKnownFileType = sourcecode.c.h; path = MBCKStatusView.h; sourceTree = "<group>"; };
		EFB3C3121F0BE88C00B7378E /* MBCKStatusView.m */ = {isa = PBXFileReference; fileEncoding = 4; lastKnownFileType = sourcecode.c.objc; path = MBCKStatusView.m; sourceTree = "<group>"; };
		EFB3C3151F0BEF8E00B7378E /* MBCKConstants.h */ = {isa = PBXFileReference; lastKnownFileType = sourcecode.c.h; path = MBCKConstants.h; sourceTree = "<group>"; };
		F3970E31D56FA214B208BA88 /* Pods-MBChatKit-Demo.release.xcconfig */ = {isa = PBXFileReference; includeInIndex = 1; lastKnownFileType = text.xcconfig; name = "Pods-MBChatKit-Demo.release.xcconfig"; path = "Pods/Target Support Files/Pods-MBChatKit-Demo/Pods-MBChatKit-Demo.release.xcconfig"; sourceTree = "<group>"; };
/* End PBXFileReference section */

/* Begin PBXFrameworksBuildPhase section */
		EFB3C2E01F07AC2C00B7378E /* Frameworks */ = {
			isa = PBXFrameworksBuildPhase;
			buildActionMask = 2147483647;
			files = (
				15F705758A7C1CD80AE3C9A5 /* libPods-MBChatKit-Demo.a in Frameworks */,
			);
			runOnlyForDeploymentPostprocessing = 0;
		};
/* End PBXFrameworksBuildPhase section */

/* Begin PBXGroup section */
		53650641DBF286986ABC2623 /* Frameworks */ = {
			isa = PBXGroup;
			children = (
				5F5FF921F10F9E262436D248 /* libPods-MBChatKit-Demo.a */,
			);
			name = Frameworks;
			sourceTree = "<group>";
		};
		D687D266AA0166B4A52A260A /* Pods */ = {
			isa = PBXGroup;
			children = (
				AA98FD78646685383AE5078E /* Pods-MBChatKit-Demo.debug.xcconfig */,
				F3970E31D56FA214B208BA88 /* Pods-MBChatKit-Demo.release.xcconfig */,
			);
			name = Pods;
			sourceTree = "<group>";
		};
		EFB3C2DA1F07AC2B00B7378E = {
			isa = PBXGroup;
			children = (
				EFB3C2FD1F07AC4300B7378E /* MBChatKit */,
				EFB3C2E51F07AC2C00B7378E /* MBChatKit-Demo */,
				EFB3C2E41F07AC2C00B7378E /* Products */,
				D687D266AA0166B4A52A260A /* Pods */,
				53650641DBF286986ABC2623 /* Frameworks */,
			);
			sourceTree = "<group>";
		};
		EFB3C2E41F07AC2C00B7378E /* Products */ = {
			isa = PBXGroup;
			children = (
				EFB3C2E31F07AC2C00B7378E /* MBChatKit-Demo.app */,
			);
			name = Products;
			sourceTree = "<group>";
		};
		EFB3C2E51F07AC2C00B7378E /* MBChatKit-Demo */ = {
			isa = PBXGroup;
			children = (
				EFB3C2E91F07AC2C00B7378E /* AppDelegate.h */,
				EFB3C2EA1F07AC2C00B7378E /* AppDelegate.m */,
				EFB3C2EC1F07AC2C00B7378E /* ViewController.h */,
				EFB3C2ED1F07AC2C00B7378E /* ViewController.m */,
				EFB3C2EF1F07AC2C00B7378E /* Main.storyboard */,
				EFB3C2F21F07AC2C00B7378E /* Assets.xcassets */,
				EFB3C2F41F07AC2C00B7378E /* LaunchScreen.storyboard */,
				EFB3C2F71F07AC2C00B7378E /* Info.plist */,
				EFB3C2E61F07AC2C00B7378E /* Supporting Files */,
			);
			path = "MBChatKit-Demo";
			sourceTree = "<group>";
		};
		EFB3C2E61F07AC2C00B7378E /* Supporting Files */ = {
			isa = PBXGroup;
			children = (
				EFB3C2E71F07AC2C00B7378E /* main.m */,
			);
			name = "Supporting Files";
			sourceTree = "<group>";
		};
		EFB3C2FD1F07AC4300B7378E /* MBChatKit */ = {
			isa = PBXGroup;
			children = (
				EFB3C3141F0BEF4E00B7378E /* Config */,
				EFB3C3011F07ACDC00B7378E /* Model */,
				EFB3C3021F07ACF100B7378E /* Module */,
				EFB3C3041F07AD6B00B7378E /* Tool */,
				EFB3C3031F07AD5600B7378E /* Resource */,
				EFB3C2FE1F07AC9E00B7378E /* MBChatKit.h */,
			);
			name = MBChatKit;
			path = ../MBChatKit;
			sourceTree = "<group>";
		};
		EFB3C3011F07ACDC00B7378E /* Model */ = {
			isa = PBXGroup;
			children = (
			);
			path = Model;
			sourceTree = "<group>";
		};
		EFB3C3021F07ACF100B7378E /* Module */ = {
			isa = PBXGroup;
			children = (
				EFB3C3051F07AD7A00B7378E /* Base */,
			);
			path = Module;
			sourceTree = "<group>";
		};
		EFB3C3031F07AD5600B7378E /* Resource */ = {
			isa = PBXGroup;
			children = (
			);
			path = Resource;
			sourceTree = "<group>";
		};
		EFB3C3041F07AD6B00B7378E /* Tool */ = {
			isa = PBXGroup;
			children = (
			);
			path = Tool;
			sourceTree = "<group>";
		};
		EFB3C3051F07AD7A00B7378E /* Base */ = {
			isa = PBXGroup;
			children = (
				EFB3C3101F0BE86A00B7378E /* View */,
				EFB3C3061F07ADF500B7378E /* MBCKBaseViewController.h */,
				EFB3C3071F07ADF500B7378E /* MBCKBaseViewController.m */,
				EFB3C3091F07D79A00B7378E /* MBCKBaseScrollViewController.h */,
				EFB3C30A1F07D79A00B7378E /* MBCKBaseScrollViewController.m */,
				EFB3C30C1F0BE71C00B7378E /* MBCKBaseTableViewController.h */,
				EFB3C30D1F0BE71C00B7378E /* MBCKBaseTableViewController.m */,
			);
			path = Base;
			sourceTree = "<group>";
		};
		EFB3C3101F0BE86A00B7378E /* View */ = {
			isa = PBXGroup;
			children = (
				EFB3C3111F0BE88C00B7378E /* MBCKStatusView.h */,
				EFB3C3121F0BE88C00B7378E /* MBCKStatusView.m */,
			);
			path = View;
			sourceTree = "<group>";
		};
		EFB3C3141F0BEF4E00B7378E /* Config */ = {
			isa = PBXGroup;
			children = (
				EFB3C3151F0BEF8E00B7378E /* MBCKConstants.h */,
			);
			path = Config;
			sourceTree = "<group>";
		};
/* End PBXGroup section */

/* Begin PBXNativeTarget section */
		EFB3C2E21F07AC2C00B7378E /* MBChatKit-Demo */ = {
			isa = PBXNativeTarget;
			buildConfigurationList = EFB3C2FA1F07AC2C00B7378E /* Build configuration list for PBXNativeTarget "MBChatKit-Demo" */;
			buildPhases = (
				594376A9E996E60925103037 /* [CP] Check Pods Manifest.lock */,
				EFB3C2DF1F07AC2C00B7378E /* Sources */,
				EFB3C2E01F07AC2C00B7378E /* Frameworks */,
				EFB3C2E11F07AC2C00B7378E /* Resources */,
				EAB1AA79A9539608EAB497B7 /* [CP] Embed Pods Frameworks */,
				6F9A4547F18006D316BD85FC /* [CP] Copy Pods Resources */,
			);
			buildRules = (
			);
			dependencies = (
			);
			name = "MBChatKit-Demo";
			productName = "MBChatKit-Demo";
			productReference = EFB3C2E31F07AC2C00B7378E /* MBChatKit-Demo.app */;
			productType = "com.apple.product-type.application";
		};
/* End PBXNativeTarget section */

/* Begin PBXProject section */
		EFB3C2DB1F07AC2B00B7378E /* Project object */ = {
			isa = PBXProject;
			attributes = {
				LastUpgradeCheck = 0830;
				ORGANIZATIONNAME = billchan;
				TargetAttributes = {
					EFB3C2E21F07AC2C00B7378E = {
						CreatedOnToolsVersion = 8.3.3;
						ProvisioningStyle = Automatic;
					};
				};
			};
			buildConfigurationList = EFB3C2DE1F07AC2B00B7378E /* Build configuration list for PBXProject "MBChatKit-Demo" */;
			compatibilityVersion = "Xcode 3.2";
			developmentRegion = English;
			hasScannedForEncodings = 0;
			knownRegions = (
				en,
				Base,
			);
			mainGroup = EFB3C2DA1F07AC2B00B7378E;
			productRefGroup = EFB3C2E41F07AC2C00B7378E /* Products */;
			projectDirPath = "";
			projectRoot = "";
			targets = (
				EFB3C2E21F07AC2C00B7378E /* MBChatKit-Demo */,
			);
		};
/* End PBXProject section */

/* Begin PBXResourcesBuildPhase section */
		EFB3C2E11F07AC2C00B7378E /* Resources */ = {
			isa = PBXResourcesBuildPhase;
			buildActionMask = 2147483647;
			files = (
				EFB3C2F61F07AC2C00B7378E /* LaunchScreen.storyboard in Resources */,
				EFB3C2F31F07AC2C00B7378E /* Assets.xcassets in Resources */,
				EFB3C2F11F07AC2C00B7378E /* Main.storyboard in Resources */,
			);
			runOnlyForDeploymentPostprocessing = 0;
		};
/* End PBXResourcesBuildPhase section */

/* Begin PBXShellScriptBuildPhase section */
		594376A9E996E60925103037 /* [CP] Check Pods Manifest.lock */ = {
			isa = PBXShellScriptBuildPhase;
			buildActionMask = 2147483647;
			files = (
			);
			inputPaths = (
			);
			name = "[CP] Check Pods Manifest.lock";
			outputPaths = (
			);
			runOnlyForDeploymentPostprocessing = 0;
			shellPath = /bin/sh;
			shellScript = "diff \"${PODS_ROOT}/../Podfile.lock\" \"${PODS_ROOT}/Manifest.lock\" > /dev/null\nif [ $? != 0 ] ; then\n    # print error to STDERR\n    echo \"error: The sandbox is not in sync with the Podfile.lock. Run 'pod install' or update your CocoaPods installation.\" >&2\n    exit 1\nfi\n";
			showEnvVarsInLog = 0;
		};
		6F9A4547F18006D316BD85FC /* [CP] Copy Pods Resources */ = {
			isa = PBXShellScriptBuildPhase;
			buildActionMask = 2147483647;
			files = (
			);
			inputPaths = (
			);
			name = "[CP] Copy Pods Resources";
			outputPaths = (
			);
			runOnlyForDeploymentPostprocessing = 0;
			shellPath = /bin/sh;
			shellScript = "\"${SRCROOT}/Pods/Target Support Files/Pods-MBChatKit-Demo/Pods-MBChatKit-Demo-resources.sh\"\n";
			showEnvVarsInLog = 0;
		};
		EAB1AA79A9539608EAB497B7 /* [CP] Embed Pods Frameworks */ = {
			isa = PBXShellScriptBuildPhase;
			buildActionMask = 2147483647;
			files = (
			);
			inputPaths = (
			);
			name = "[CP] Embed Pods Frameworks";
			outputPaths = (
			);
			runOnlyForDeploymentPostprocessing = 0;
			shellPath = /bin/sh;
			shellScript = "\"${SRCROOT}/Pods/Target Support Files/Pods-MBChatKit-Demo/Pods-MBChatKit-Demo-frameworks.sh\"\n";
			showEnvVarsInLog = 0;
		};
/* End PBXShellScriptBuildPhase section */

/* Begin PBXSourcesBuildPhase section */
		EFB3C2DF1F07AC2C00B7378E /* Sources */ = {
			isa = PBXSourcesBuildPhase;
			buildActionMask = 2147483647;
			files = (
				EFB3C2EE1F07AC2C00B7378E /* ViewController.m in Sources */,
				EFB3C2EB1F07AC2C00B7378E /* AppDelegate.m in Sources */,
				EFB3C30B1F07D79A00B7378E /* MBCKBaseScrollViewController.m in Sources */,
				EFB3C30E1F0BE71C00B7378E /* MBCKBaseTableViewController.m in Sources */,
				EFB3C3081F07ADF500B7378E /* MBCKBaseViewController.m in Sources */,
				EFB3C3131F0BE88C00B7378E /* MBCKStatusView.m in Sources */,
				EFB3C2E81F07AC2C00B7378E /* main.m in Sources */,
			);
			runOnlyForDeploymentPostprocessing = 0;
		};
/* End PBXSourcesBuildPhase section */

/* Begin PBXVariantGroup section */
		EFB3C2EF1F07AC2C00B7378E /* Main.storyboard */ = {
			isa = PBXVariantGroup;
			children = (
				EFB3C2F01F07AC2C00B7378E /* Base */,
			);
			name = Main.storyboard;
			sourceTree = "<group>";
		};
		EFB3C2F41F07AC2C00B7378E /* LaunchScreen.storyboard */ = {
			isa = PBXVariantGroup;
			children = (
				EFB3C2F51F07AC2C00B7378E /* Base */,
			);
			name = LaunchScreen.storyboard;
			sourceTree = "<group>";
		};
/* End PBXVariantGroup section */

/* Begin XCBuildConfiguration section */
		EFB3C2F81F07AC2C00B7378E /* Debug */ = {
			isa = XCBuildConfiguration;
			buildSettings = {
				ALWAYS_SEARCH_USER_PATHS = NO;
				CLANG_ANALYZER_NONNULL = YES;
				CLANG_ANALYZER_NUMBER_OBJECT_CONVERSION = YES_AGGRESSIVE;
				CLANG_CXX_LANGUAGE_STANDARD = "gnu++0x";
				CLANG_CXX_LIBRARY = "libc++";
				CLANG_ENABLE_MODULES = YES;
				CLANG_ENABLE_OBJC_ARC = YES;
				CLANG_WARN_BOOL_CONVERSION = YES;
				CLANG_WARN_CONSTANT_CONVERSION = YES;
				CLANG_WARN_DIRECT_OBJC_ISA_USAGE = YES_ERROR;
				CLANG_WARN_DOCUMENTATION_COMMENTS = YES;
				CLANG_WARN_EMPTY_BODY = YES;
				CLANG_WARN_ENUM_CONVERSION = YES;
				CLANG_WARN_INFINITE_RECURSION = YES;
				CLANG_WARN_INT_CONVERSION = YES;
				CLANG_WARN_OBJC_ROOT_CLASS = YES_ERROR;
				CLANG_WARN_SUSPICIOUS_MOVE = YES;
				CLANG_WARN_UNREACHABLE_CODE = YES;
				CLANG_WARN__DUPLICATE_METHOD_MATCH = YES;
				"CODE_SIGN_IDENTITY[sdk=iphoneos*]" = "iPhone Developer";
				COPY_PHASE_STRIP = NO;
				DEBUG_INFORMATION_FORMAT = dwarf;
				ENABLE_STRICT_OBJC_MSGSEND = YES;
				ENABLE_TESTABILITY = YES;
				GCC_C_LANGUAGE_STANDARD = gnu99;
				GCC_DYNAMIC_NO_PIC = NO;
				GCC_NO_COMMON_BLOCKS = YES;
				GCC_OPTIMIZATION_LEVEL = 0;
				GCC_PREPROCESSOR_DEFINITIONS = (
					"DEBUG=1",
					"$(inherited)",
				);
				GCC_WARN_64_TO_32_BIT_CONVERSION = YES;
				GCC_WARN_ABOUT_RETURN_TYPE = YES_ERROR;
				GCC_WARN_UNDECLARED_SELECTOR = YES;
				GCC_WARN_UNINITIALIZED_AUTOS = YES_AGGRESSIVE;
				GCC_WARN_UNUSED_FUNCTION = YES;
				GCC_WARN_UNUSED_VARIABLE = YES;
				IPHONEOS_DEPLOYMENT_TARGET = 10.3;
				MTL_ENABLE_DEBUG_INFO = YES;
				ONLY_ACTIVE_ARCH = YES;
				SDKROOT = iphoneos;
			};
			name = Debug;
		};
		EFB3C2F91F07AC2C00B7378E /* Release */ = {
			isa = XCBuildConfiguration;
			buildSettings = {
				ALWAYS_SEARCH_USER_PATHS = NO;
				CLANG_ANALYZER_NONNULL = YES;
				CLANG_ANALYZER_NUMBER_OBJECT_CONVERSION = YES_AGGRESSIVE;
				CLANG_CXX_LANGUAGE_STANDARD = "gnu++0x";
				CLANG_CXX_LIBRARY = "libc++";
				CLANG_ENABLE_MODULES = YES;
				CLANG_ENABLE_OBJC_ARC = YES;
				CLANG_WARN_BOOL_CONVERSION = YES;
				CLANG_WARN_CONSTANT_CONVERSION = YES;
				CLANG_WARN_DIRECT_OBJC_ISA_USAGE = YES_ERROR;
				CLANG_WARN_DOCUMENTATION_COMMENTS = YES;
				CLANG_WARN_EMPTY_BODY = YES;
				CLANG_WARN_ENUM_CONVERSION = YES;
				CLANG_WARN_INFINITE_RECURSION = YES;
				CLANG_WARN_INT_CONVERSION = YES;
				CLANG_WARN_OBJC_ROOT_CLASS = YES_ERROR;
				CLANG_WARN_SUSPICIOUS_MOVE = YES;
				CLANG_WARN_UNREACHABLE_CODE = YES;
				CLANG_WARN__DUPLICATE_METHOD_MATCH = YES;
				"CODE_SIGN_IDENTITY[sdk=iphoneos*]" = "iPhone Developer";
				COPY_PHASE_STRIP = NO;
				DEBUG_INFORMATION_FORMAT = "dwarf-with-dsym";
				ENABLE_NS_ASSERTIONS = NO;
				ENABLE_STRICT_OBJC_MSGSEND = YES;
				GCC_C_LANGUAGE_STANDARD = gnu99;
				GCC_NO_COMMON_BLOCKS = YES;
				GCC_WARN_64_TO_32_BIT_CONVERSION = YES;
				GCC_WARN_ABOUT_RETURN_TYPE = YES_ERROR;
				GCC_WARN_UNDECLARED_SELECTOR = YES;
				GCC_WARN_UNINITIALIZED_AUTOS = YES_AGGRESSIVE;
				GCC_WARN_UNUSED_FUNCTION = YES;
				GCC_WARN_UNUSED_VARIABLE = YES;
				IPHONEOS_DEPLOYMENT_TARGET = 10.3;
				MTL_ENABLE_DEBUG_INFO = NO;
				SDKROOT = iphoneos;
				VALIDATE_PRODUCT = YES;
			};
			name = Release;
		};
		EFB3C2FB1F07AC2C00B7378E /* Debug */ = {
			isa = XCBuildConfiguration;
			baseConfigurationReference = AA98FD78646685383AE5078E /* Pods-MBChatKit-Demo.debug.xcconfig */;
			buildSettings = {
				ASSETCATALOG_COMPILER_APPICON_NAME = AppIcon;
				INFOPLIST_FILE = "MBChatKit-Demo/Info.plist";
				LD_RUNPATH_SEARCH_PATHS = "$(inherited) @executable_path/Frameworks";
				PRODUCT_BUNDLE_IDENTIFIER = "com.billchan.MBChatKit-Demo";
				PRODUCT_NAME = "$(TARGET_NAME)";
			};
			name = Debug;
		};
		EFB3C2FC1F07AC2C00B7378E /* Release */ = {
			isa = XCBuildConfiguration;
			baseConfigurationReference = F3970E31D56FA214B208BA88 /* Pods-MBChatKit-Demo.release.xcconfig */;
			buildSettings = {
				ASSETCATALOG_COMPILER_APPICON_NAME = AppIcon;
				INFOPLIST_FILE = "MBChatKit-Demo/Info.plist";
				LD_RUNPATH_SEARCH_PATHS = "$(inherited) @executable_path/Frameworks";
				PRODUCT_BUNDLE_IDENTIFIER = "com.billchan.MBChatKit-Demo";
				PRODUCT_NAME = "$(TARGET_NAME)";
			};
			name = Release;
		};
/* End XCBuildConfiguration section */

/* Begin XCConfigurationList section */
		EFB3C2DE1F07AC2B00B7378E /* Build configuration list for PBXProject "MBChatKit-Demo" */ = {
			isa = XCConfigurationList;
			buildConfigurations = (
				EFB3C2F81F07AC2C00B7378E /* Debug */,
				EFB3C2F91F07AC2C00B7378E /* Release */,
			);
			defaultConfigurationIsVisible = 0;
			defaultConfigurationName = Release;
		};
		EFB3C2FA1F07AC2C00B7378E /* Build configuration list for PBXNativeTarget "MBChatKit-Demo" */ = {
			isa = XCConfigurationList;
			buildConfigurations = (
				EFB3C2FB1F07AC2C00B7378E /* Debug */,
				EFB3C2FC1F07AC2C00B7378E /* Release */,
			);
			defaultConfigurationIsVisible = 0;
			defaultConfigurationName = Release;
		};
/* End XCConfigurationList section */
	};
	rootObject = EFB3C2DB1F07AC2B00B7378E /* Project object */;
}
